// !$*UTF8*$!
{
	archiveVersion = 1;
	classes = {
	};
	objectVersion = 48;
	objects = {

/* Begin PBXBuildFile section */
		622E2A89F10B69D8E9D02C3A /* libPods-WYPoster.a in Frameworks */ = {isa = PBXBuildFile; fileRef = A84FD4F745CD1F8F4948D660 /* libPods-WYPoster.a */; };
		932103391F283E9A005B1A57 /* WYPosterConfigPart.m in Sources */ = {isa = PBXBuildFile; fileRef = 932103381F283E9A005B1A57 /* WYPosterConfigPart.m */; };
		9321033C1F286808005B1A57 /* WYPosterPartView.m in Sources */ = {isa = PBXBuildFile; fileRef = 9321033B1F286808005B1A57 /* WYPosterPartView.m */; };
		937ADC1B1F22026200B22295 /* AppDelegate.m in Sources */ = {isa = PBXBuildFile; fileRef = 937ADC1A1F22026200B22295 /* AppDelegate.m */; };
		937ADC1E1F22026200B22295 /* ViewController.m in Sources */ = {isa = PBXBuildFile; fileRef = 937ADC1D1F22026200B22295 /* ViewController.m */; };
		937ADC211F22026200B22295 /* Main.storyboard in Resources */ = {isa = PBXBuildFile; fileRef = 937ADC1F1F22026200B22295 /* Main.storyboard */; };
		937ADC231F22026200B22295 /* Assets.xcassets in Resources */ = {isa = PBXBuildFile; fileRef = 937ADC221F22026200B22295 /* Assets.xcassets */; };
		937ADC261F22026200B22295 /* LaunchScreen.storyboard in Resources */ = {isa = PBXBuildFile; fileRef = 937ADC241F22026200B22295 /* LaunchScreen.storyboard */; };
		937ADC291F22026200B22295 /* main.m in Sources */ = {isa = PBXBuildFile; fileRef = 937ADC281F22026200B22295 /* main.m */; };
		937ADC341F220B3E00B22295 /* WYPosterView.m in Sources */ = {isa = PBXBuildFile; fileRef = 937ADC331F220B3E00B22295 /* WYPosterView.m */; };
		937CF2341F25954C00E9BF9A /* WYPosterConfigUnit.m in Sources */ = {isa = PBXBuildFile; fileRef = 937CF2331F25954C00E9BF9A /* WYPosterConfigUnit.m */; };
		937CF2371F25970000E9BF9A /* WYPosterConfigLine.m in Sources */ = {isa = PBXBuildFile; fileRef = 937CF2361F25970000E9BF9A /* WYPosterConfigLine.m */; };
		937CF23A1F25974400E9BF9A /* WYPosterConfigModel.m in Sources */ = {isa = PBXBuildFile; fileRef = 937CF2391F25974400E9BF9A /* WYPosterConfigModel.m */; };
		937CF23D1F25A61C00E9BF9A /* WYPoster.m in Sources */ = {isa = PBXBuildFile; fileRef = 937CF23C1F25A61C00E9BF9A /* WYPoster.m */; };
		937CF2401F25C8CE00E9BF9A /* WYPosterParticiple.m in Sources */ = {isa = PBXBuildFile; fileRef = 937CF23F1F25C8CE00E9BF9A /* WYPosterParticiple.m */; };
		937CF2431F25FB3100E9BF9A /* WYPosterLineView.m in Sources */ = {isa = PBXBuildFile; fileRef = 937CF2421F25FB3100E9BF9A /* WYPosterLineView.m */; };
		937CF2461F25FB4400E9BF9A /* WYPosterUnitView.m in Sources */ = {isa = PBXBuildFile; fileRef = 937CF2451F25FB4400E9BF9A /* WYPosterUnitView.m */; };
/* End PBXBuildFile section */

/* Begin PBXFileReference section */
		0BEA395CAF6F58DB3518A2CE /* Pods-WYPoster.release.xcconfig */ = {isa = PBXFileReference; includeInIndex = 1; lastKnownFileType = text.xcconfig; name = "Pods-WYPoster.release.xcconfig"; path = "Pods/Target Support Files/Pods-WYPoster/Pods-WYPoster.release.xcconfig"; sourceTree = "<group>"; };
		932103371F283E9A005B1A57 /* WYPosterConfigPart.h */ = {isa = PBXFileReference; lastKnownFileType = sourcecode.c.h; path = WYPosterConfigPart.h; sourceTree = "<group>"; };
		932103381F283E9A005B1A57 /* WYPosterConfigPart.m */ = {isa = PBXFileReference; lastKnownFileType = sourcecode.c.objc; path = WYPosterConfigPart.m; sourceTree = "<group>"; };
		9321033A1F286808005B1A57 /* WYPosterPartView.h */ = {isa = PBXFileReference; lastKnownFileType = sourcecode.c.h; path = WYPosterPartView.h; sourceTree = "<group>"; };
		9321033B1F286808005B1A57 /* WYPosterPartView.m */ = {isa = PBXFileReference; lastKnownFileType = sourcecode.c.objc; path = WYPosterPartView.m; sourceTree = "<group>"; };
		937ADC161F22026200B22295 /* WYPoster.app */ = {isa = PBXFileReference; explicitFileType = wrapper.application; includeInIndex = 0; path = WYPoster.app; sourceTree = BUILT_PRODUCTS_DIR; };
		937ADC191F22026200B22295 /* AppDelegate.h */ = {isa = PBXFileReference; lastKnownFileType = sourcecode.c.h; path = AppDelegate.h; sourceTree = "<group>"; };
		937ADC1A1F22026200B22295 /* AppDelegate.m */ = {isa = PBXFileReference; lastKnownFileType = sourcecode.c.objc; path = AppDelegate.m; sourceTree = "<group>"; };
		937ADC1C1F22026200B22295 /* ViewController.h */ = {isa = PBXFileReference; lastKnownFileType = sourcecode.c.h; path = ViewController.h; sourceTree = "<group>"; };
		937ADC1D1F22026200B22295 /* ViewController.m */ = {isa = PBXFileReference; lastKnownFileType = sourcecode.c.objc; path = ViewController.m; sourceTree = "<group>"; };
		937ADC201F22026200B22295 /* Base */ = {isa = PBXFileReference; lastKnownFileType = file.storyboard; name = Base; path = Base.lproj/Main.storyboard; sourceTree = "<group>"; };
		937ADC221F22026200B22295 /* Assets.xcassets */ = {isa = PBXFileReference; lastKnownFileType = folder.assetcatalog; path = Assets.xcassets; sourceTree = "<group>"; };
		937ADC251F22026200B22295 /* Base */ = {isa = PBXFileReference; lastKnownFileType = file.storyboard; name = Base; path = Base.lproj/LaunchScreen.storyboard; sourceTree = "<group>"; };
		937ADC271F22026200B22295 /* Info.plist */ = {isa = PBXFileReference; lastKnownFileType = text.plist.xml; path = Info.plist; sourceTree = "<group>"; };
		937ADC281F22026200B22295 /* main.m */ = {isa = PBXFileReference; lastKnownFileType = sourcecode.c.objc; path = main.m; sourceTree = "<group>"; };
		937ADC321F220B3E00B22295 /* WYPosterView.h */ = {isa = PBXFileReference; lastKnownFileType = sourcecode.c.h; path = WYPosterView.h; sourceTree = "<group>"; };
		937ADC331F220B3E00B22295 /* WYPosterView.m */ = {isa = PBXFileReference; lastKnownFileType = sourcecode.c.objc; path = WYPosterView.m; sourceTree = "<group>"; };
		937CF2321F25954C00E9BF9A /* WYPosterConfigUnit.h */ = {isa = PBXFileReference; lastKnownFileType = sourcecode.c.h; path = WYPosterConfigUnit.h; sourceTree = "<group>"; };
		937CF2331F25954C00E9BF9A /* WYPosterConfigUnit.m */ = {isa = PBXFileReference; lastKnownFileType = sourcecode.c.objc; path = WYPosterConfigUnit.m; sourceTree = "<group>"; };
		937CF2351F25970000E9BF9A /* WYPosterConfigLine.h */ = {isa = PBXFileReference; lastKnownFileType = sourcecode.c.h; path = WYPosterConfigLine.h; sourceTree = "<group>"; };
		937CF2361F25970000E9BF9A /* WYPosterConfigLine.m */ = {isa = PBXFileReference; lastKnownFileType = sourcecode.c.objc; path = WYPosterConfigLine.m; sourceTree = "<group>"; };
		937CF2381F25974400E9BF9A /* WYPosterConfigModel.h */ = {isa = PBXFileReference; lastKnownFileType = sourcecode.c.h; path = WYPosterConfigModel.h; sourceTree = "<group>"; };
		937CF2391F25974400E9BF9A /* WYPosterConfigModel.m */ = {isa = PBXFileReference; lastKnownFileType = sourcecode.c.objc; path = WYPosterConfigModel.m; sourceTree = "<group>"; };
		937CF23B1F25A61C00E9BF9A /* WYPoster.h */ = {isa = PBXFileReference; lastKnownFileType = sourcecode.c.h; path = WYPoster.h; sourceTree = "<group>"; };
		937CF23C1F25A61C00E9BF9A /* WYPoster.m */ = {isa = PBXFileReference; lastKnownFileType = sourcecode.c.objc; path = WYPoster.m; sourceTree = "<group>"; };
		937CF23E1F25C8CE00E9BF9A /* WYPosterParticiple.h */ = {isa = PBXFileReference; lastKnownFileType = sourcecode.c.h; path = WYPosterParticiple.h; sourceTree = "<group>"; };
		937CF23F1F25C8CE00E9BF9A /* WYPosterParticiple.m */ = {isa = PBXFileReference; lastKnownFileType = sourcecode.c.objc; path = WYPosterParticiple.m; sourceTree = "<group>"; };
		937CF2411F25FB3100E9BF9A /* WYPosterLineView.h */ = {isa = PBXFileReference; lastKnownFileType = sourcecode.c.h; path = WYPosterLineView.h; sourceTree = "<group>"; };
		937CF2421F25FB3100E9BF9A /* WYPosterLineView.m */ = {isa = PBXFileReference; lastKnownFileType = sourcecode.c.objc; path = WYPosterLineView.m; sourceTree = "<group>"; };
		937CF2441F25FB4400E9BF9A /* WYPosterUnitView.h */ = {isa = PBXFileReference; lastKnownFileType = sourcecode.c.h; path = WYPosterUnitView.h; sourceTree = "<group>"; };
		937CF2451F25FB4400E9BF9A /* WYPosterUnitView.m */ = {isa = PBXFileReference; lastKnownFileType = sourcecode.c.objc; path = WYPosterUnitView.m; sourceTree = "<group>"; };
		9A4B1EF742B2DB84E36F2E2A /* Pods-WYPoster.debug.xcconfig */ = {isa = PBXFileReference; includeInIndex = 1; lastKnownFileType = text.xcconfig; name = "Pods-WYPoster.debug.xcconfig"; path = "Pods/Target Support Files/Pods-WYPoster/Pods-WYPoster.debug.xcconfig"; sourceTree = "<group>"; };
		A84FD4F745CD1F8F4948D660 /* libPods-WYPoster.a */ = {isa = PBXFileReference; explicitFileType = archive.ar; includeInIndex = 0; path = "libPods-WYPoster.a"; sourceTree = BUILT_PRODUCTS_DIR; };
/* End PBXFileReference section */

/* Begin PBXFrameworksBuildPhase section */
		937ADC131F22026200B22295 /* Frameworks */ = {
			isa = PBXFrameworksBuildPhase;
			buildActionMask = 2147483647;
			files = (
				622E2A89F10B69D8E9D02C3A /* libPods-WYPoster.a in Frameworks */,
			);
			runOnlyForDeploymentPostprocessing = 0;
		};
/* End PBXFrameworksBuildPhase section */

/* Begin PBXGroup section */
		384653057CC0E7A0F82F5D4D /* Pods */ = {
			isa = PBXGroup;
			children = (
				9A4B1EF742B2DB84E36F2E2A /* Pods-WYPoster.debug.xcconfig */,
				0BEA395CAF6F58DB3518A2CE /* Pods-WYPoster.release.xcconfig */,
			);
			name = Pods;
			sourceTree = "<group>";
		};
		8A23550E898DCB0593D3085D /* Frameworks */ = {
			isa = PBXGroup;
			children = (
				A84FD4F745CD1F8F4948D660 /* libPods-WYPoster.a */,
			);
			name = Frameworks;
			sourceTree = "<group>";
		};
		937ADC0D1F22026200B22295 = {
			isa = PBXGroup;
			children = (
				937ADC2F1F22058700B22295 /* WYPoster */,
				937ADC181F22026200B22295 /* WYPosterDemo */,
				937ADC171F22026200B22295 /* Products */,
				384653057CC0E7A0F82F5D4D /* Pods */,
				8A23550E898DCB0593D3085D /* Frameworks */,
			);
			sourceTree = "<group>";
		};
		937ADC171F22026200B22295 /* Products */ = {
			isa = PBXGroup;
			children = (
				937ADC161F22026200B22295 /* WYPoster.app */,
			);
			name = Products;
			sourceTree = "<group>";
		};
		937ADC181F22026200B22295 /* WYPosterDemo */ = {
			isa = PBXGroup;
			children = (
				937ADC191F22026200B22295 /* AppDelegate.h */,
				937ADC1A1F22026200B22295 /* AppDelegate.m */,
				937ADC1C1F22026200B22295 /* ViewController.h */,
				937ADC1D1F22026200B22295 /* ViewController.m */,
				937ADC1F1F22026200B22295 /* Main.storyboard */,
				937ADC221F22026200B22295 /* Assets.xcassets */,
				937ADC241F22026200B22295 /* LaunchScreen.storyboard */,
				937ADC271F22026200B22295 /* Info.plist */,
				937ADC281F22026200B22295 /* main.m */,
			);
			path = WYPosterDemo;
			sourceTree = "<group>";
		};
		937ADC2F1F22058700B22295 /* WYPoster */ = {
			isa = PBXGroup;
			children = (
				937CF2311F25953400E9BF9A /* Models */,
				937ADC311F220B2600B22295 /* Views */,
				937ADC301F22059900B22295 /* Utils */,
				937CF23B1F25A61C00E9BF9A /* WYPoster.h */,
				937CF23C1F25A61C00E9BF9A /* WYPoster.m */,
			);
			name = WYPoster;
			path = ../WYPoster;
			sourceTree = "<group>";
		};
		937ADC301F22059900B22295 /* Utils */ = {
			isa = PBXGroup;
			children = (
				937CF23E1F25C8CE00E9BF9A /* WYPosterParticiple.h */,
				937CF23F1F25C8CE00E9BF9A /* WYPosterParticiple.m */,
			);
			path = Utils;
			sourceTree = "<group>";
		};
		937ADC311F220B2600B22295 /* Views */ = {
			isa = PBXGroup;
			children = (
				937ADC321F220B3E00B22295 /* WYPosterView.h */,
				937ADC331F220B3E00B22295 /* WYPosterView.m */,
				9321033A1F286808005B1A57 /* WYPosterPartView.h */,
				9321033B1F286808005B1A57 /* WYPosterPartView.m */,
				937CF2411F25FB3100E9BF9A /* WYPosterLineView.h */,
				937CF2421F25FB3100E9BF9A /* WYPosterLineView.m */,
				937CF2441F25FB4400E9BF9A /* WYPosterUnitView.h */,
				937CF2451F25FB4400E9BF9A /* WYPosterUnitView.m */,
			);
			path = Views;
			sourceTree = "<group>";
		};
		937CF2311F25953400E9BF9A /* Models */ = {
			isa = PBXGroup;
			children = (
				937CF2321F25954C00E9BF9A /* WYPosterConfigUnit.h */,
				937CF2331F25954C00E9BF9A /* WYPosterConfigUnit.m */,
				937CF2351F25970000E9BF9A /* WYPosterConfigLine.h */,
				937CF2361F25970000E9BF9A /* WYPosterConfigLine.m */,
				932103371F283E9A005B1A57 /* WYPosterConfigPart.h */,
				932103381F283E9A005B1A57 /* WYPosterConfigPart.m */,
				937CF2381F25974400E9BF9A /* WYPosterConfigModel.h */,
				937CF2391F25974400E9BF9A /* WYPosterConfigModel.m */,
			);
			path = Models;
			sourceTree = "<group>";
		};
/* End PBXGroup section */

/* Begin PBXNativeTarget section */
		937ADC151F22026200B22295 /* WYPoster */ = {
			isa = PBXNativeTarget;
			buildConfigurationList = 937ADC2C1F22026200B22295 /* Build configuration list for PBXNativeTarget "WYPoster" */;
			buildPhases = (
				DF9040438E34EDCC8D6C259E /* [CP] Check Pods Manifest.lock */,
				937ADC121F22026200B22295 /* Sources */,
				937ADC131F22026200B22295 /* Frameworks */,
				937ADC141F22026200B22295 /* Resources */,
				BF417691CD2F7A869FE77AF5 /* [CP] Embed Pods Frameworks */,
				E0A75138866C823ADEF6623C /* [CP] Copy Pods Resources */,
			);
			buildRules = (
			);
			dependencies = (
			);
			name = WYPoster;
			productName = WYPoster;
			productReference = 937ADC161F22026200B22295 /* WYPoster.app */;
			productType = "com.apple.product-type.application";
		};
/* End PBXNativeTarget section */

/* Begin PBXProject section */
		937ADC0E1F22026200B22295 /* Project object */ = {
			isa = PBXProject;
			attributes = {
				LastUpgradeCheck = 0900;
				ORGANIZATIONNAME = "wyan assert";
				TargetAttributes = {
					937ADC151F22026200B22295 = {
						CreatedOnToolsVersion = 9.0;
						ProvisioningStyle = Manual;
					};
				};
			};
			buildConfigurationList = 937ADC111F22026200B22295 /* Build configuration list for PBXProject "WYPoster" */;
			compatibilityVersion = "Xcode 8.0";
			developmentRegion = en;
			hasScannedForEncodings = 0;
			knownRegions = (
				en,
				Base,
			);
			mainGroup = 937ADC0D1F22026200B22295;
			productRefGroup = 937ADC171F22026200B22295 /* Products */;
			projectDirPath = "";
			projectRoot = "";
			targets = (
				937ADC151F22026200B22295 /* WYPoster */,
			);
		};
/* End PBXProject section */

/* Begin PBXResourcesBuildPhase section */
		937ADC141F22026200B22295 /* Resources */ = {
			isa = PBXResourcesBuildPhase;
			buildActionMask = 2147483647;
			files = (
				937ADC261F22026200B22295 /* LaunchScreen.storyboard in Resources */,
				937ADC231F22026200B22295 /* Assets.xcassets in Resources */,
				937ADC211F22026200B22295 /* Main.storyboard in Resources */,
			);
			runOnlyForDeploymentPostprocessing = 0;
		};
/* End PBXResourcesBuildPhase section */

/* Begin PBXShellScriptBuildPhase section */
		BF417691CD2F7A869FE77AF5 /* [CP] Embed Pods Frameworks */ = {
			isa = PBXShellScriptBuildPhase;
			buildActionMask = 2147483647;
			files = (
			);
			inputPaths = (
			);
			name = "[CP] Embed Pods Frameworks";
			outputPaths = (
			);
			runOnlyForDeploymentPostprocessing = 0;
			shellPath = /bin/sh;
			shellScript = "\"${SRCROOT}/Pods/Target Support Files/Pods-WYPoster/Pods-WYPoster-frameworks.sh\"\n";
			showEnvVarsInLog = 0;
		};
		DF9040438E34EDCC8D6C259E /* [CP] Check Pods Manifest.lock */ = {
			isa = PBXShellScriptBuildPhase;
			buildActionMask = 2147483647;
			files = (
			);
			inputPaths = (
				"${PODS_PODFILE_DIR_PATH}/Podfile.lock",
				"${PODS_ROOT}/Manifest.lock",
			);
			name = "[CP] Check Pods Manifest.lock";
			outputPaths = (
				"$(DERIVED_FILE_DIR)/Pods-WYPoster-checkManifestLockResult.txt",
			);
			runOnlyForDeploymentPostprocessing = 0;
			shellPath = /bin/sh;
			shellScript = "diff \"${PODS_PODFILE_DIR_PATH}/Podfile.lock\" \"${PODS_ROOT}/Manifest.lock\" > /dev/null\nif [ $? != 0 ] ; then\n    # print error to STDERR\n    echo \"error: The sandbox is not in sync with the Podfile.lock. Run 'pod install' or update your CocoaPods installation.\" >&2\n    exit 1\nfi\n# This output is used by Xcode 'outputs' to avoid re-running this script phase.\necho \"SUCCESS\" > \"${SCRIPT_OUTPUT_FILE_0}\"\n";
			showEnvVarsInLog = 0;
		};
		E0A75138866C823ADEF6623C /* [CP] Copy Pods Resources */ = {
			isa = PBXShellScriptBuildPhase;
			buildActionMask = 2147483647;
			files = (
			);
			inputPaths = (
			);
			name = "[CP] Copy Pods Resources";
			outputPaths = (
			);
			runOnlyForDeploymentPostprocessing = 0;
			shellPath = /bin/sh;
			shellScript = "\"${SRCROOT}/Pods/Target Support Files/Pods-WYPoster/Pods-WYPoster-resources.sh\"\n";
			showEnvVarsInLog = 0;
		};
/* End PBXShellScriptBuildPhase section */

/* Begin PBXSourcesBuildPhase section */
		937ADC121F22026200B22295 /* Sources */ = {
			isa = PBXSourcesBuildPhase;
			buildActionMask = 2147483647;
			files = (
				937CF2371F25970000E9BF9A /* WYPosterConfigLine.m in Sources */,
				932103391F283E9A005B1A57 /* WYPosterConfigPart.m in Sources */,
				937CF2341F25954C00E9BF9A /* WYPosterConfigUnit.m in Sources */,
				9321033C1F286808005B1A57 /* WYPosterPartView.m in Sources */,
				937CF23D1F25A61C00E9BF9A /* WYPoster.m in Sources */,
				937CF2461F25FB4400E9BF9A /* WYPosterUnitView.m in Sources */,
				937ADC1E1F22026200B22295 /* ViewController.m in Sources */,
				937ADC341F220B3E00B22295 /* WYPosterView.m in Sources */,
				937ADC291F22026200B22295 /* main.m in Sources */,
				937ADC1B1F22026200B22295 /* AppDelegate.m in Sources */,
				937CF2431F25FB3100E9BF9A /* WYPosterLineView.m in Sources */,
				937CF2401F25C8CE00E9BF9A /* WYPosterParticiple.m in Sources */,
				937CF23A1F25974400E9BF9A /* WYPosterConfigModel.m in Sources */,
			);
			runOnlyForDeploymentPostprocessing = 0;
		};
/* End PBXSourcesBuildPhase section */

/* Begin PBXVariantGroup section */
		937ADC1F1F22026200B22295 /* Main.storyboard */ = {
			isa = PBXVariantGroup;
			children = (
				937ADC201F22026200B22295 /* Base */,
			);
			name = Main.storyboard;
			sourceTree = "<group>";
		};
		937ADC241F22026200B22295 /* LaunchScreen.storyboard */ = {
			isa = PBXVariantGroup;
			children = (
				937ADC251F22026200B22295 /* Base */,
			);
			name = LaunchScreen.storyboard;
			sourceTree = "<group>";
		};
/* End PBXVariantGroup section */

/* Begin XCBuildConfiguration section */
		937ADC2A1F22026200B22295 /* Debug */ = {
			isa = XCBuildConfiguration;
			buildSettings = {
				ALWAYS_SEARCH_USER_PATHS = NO;
				CLANG_ANALYZER_NONNULL = YES;
				CLANG_ANALYZER_NUMBER_OBJECT_CONVERSION = YES_AGGRESSIVE;
				CLANG_CXX_LANGUAGE_STANDARD = "gnu++14";
				CLANG_CXX_LIBRARY = "libc++";
				CLANG_ENABLE_MODULES = YES;
				CLANG_ENABLE_OBJC_ARC = YES;
				CLANG_WARN_BLOCK_CAPTURE_AUTORELEASING = YES;
				CLANG_WARN_BOOL_CONVERSION = YES;
				CLANG_WARN_COMMA = YES;
				CLANG_WARN_CONSTANT_CONVERSION = YES;
				CLANG_WARN_DIRECT_OBJC_ISA_USAGE = YES_ERROR;
				CLANG_WARN_DOCUMENTATION_COMMENTS = YES;
				CLANG_WARN_EMPTY_BODY = YES;
				CLANG_WARN_ENUM_CONVERSION = YES;
				CLANG_WARN_INFINITE_RECURSION = YES;
				CLANG_WARN_INT_CONVERSION = YES;
				CLANG_WARN_NON_LITERAL_NULL_CONVERSION = YES;
				CLANG_WARN_OBJC_LITERAL_CONVERSION = YES;
				CLANG_WARN_OBJC_ROOT_CLASS = YES_ERROR;
				CLANG_WARN_RANGE_LOOP_ANALYSIS = YES;
				CLANG_WARN_STRICT_PROTOTYPES = YES;
				CLANG_WARN_SUSPICIOUS_MOVE = YES;
				CLANG_WARN_UNGUARDED_AVAILABILITY = YES_AGGRESSIVE;
				CLANG_WARN_UNREACHABLE_CODE = YES;
				CLANG_WARN__DUPLICATE_METHOD_MATCH = YES;
				CODE_SIGN_IDENTITY = "iPhone Developer";
				COPY_PHASE_STRIP = NO;
				DEBUG_INFORMATION_FORMAT = dwarf;
				ENABLE_STRICT_OBJC_MSGSEND = YES;
				ENABLE_TESTABILITY = YES;
				GCC_C_LANGUAGE_STANDARD = gnu11;
				GCC_DYNAMIC_NO_PIC = NO;
				GCC_NO_COMMON_BLOCKS = YES;
				GCC_OPTIMIZATION_LEVEL = 0;
				GCC_PREPROCESSOR_DEFINITIONS = (
					"DEBUG=1",
					"$(inherited)",
				);
				GCC_WARN_64_TO_32_BIT_CONVERSION = YES;
				GCC_WARN_ABOUT_RETURN_TYPE = YES_ERROR;
				GCC_WARN_UNDECLARED_SELECTOR = YES;
				GCC_WARN_UNINITIALIZED_AUTOS = YES_AGGRESSIVE;
				GCC_WARN_UNUSED_FUNCTION = YES;
				GCC_WARN_UNUSED_VARIABLE = YES;
				IPHONEOS_DEPLOYMENT_TARGET = 11.0;
				MTL_ENABLE_DEBUG_INFO = YES;
				ONLY_ACTIVE_ARCH = YES;
				SDKROOT = iphoneos;
			};
			name = Debug;
		};
		937ADC2B1F22026200B22295 /* Release */ = {
			isa = XCBuildConfiguration;
			buildSettings = {
				ALWAYS_SEARCH_USER_PATHS = NO;
				CLANG_ANALYZER_NONNULL = YES;
				CLANG_ANALYZER_NUMBER_OBJECT_CONVERSION = YES_AGGRESSIVE;
				CLANG_CXX_LANGUAGE_STANDARD = "gnu++14";
				CLANG_CXX_LIBRARY = "libc++";
				CLANG_ENABLE_MODULES = YES;
				CLANG_ENABLE_OBJC_ARC = YES;
				CLANG_WARN_BLOCK_CAPTURE_AUTORELEASING = YES;
				CLANG_WARN_BOOL_CONVERSION = YES;
				CLANG_WARN_COMMA = YES;
				CLANG_WARN_CONSTANT_CONVERSION = YES;
				CLANG_WARN_DIRECT_OBJC_ISA_USAGE = YES_ERROR;
				CLANG_WARN_DOCUMENTATION_COMMENTS = YES;
				CLANG_WARN_EMPTY_BODY = YES;
				CLANG_WARN_ENUM_CONVERSION = YES;
				CLANG_WARN_INFINITE_RECURSION = YES;
				CLANG_WARN_INT_CONVERSION = YES;
				CLANG_WARN_NON_LITERAL_NULL_CONVERSION = YES;
				CLANG_WARN_OBJC_LITERAL_CONVERSION = YES;
				CLANG_WARN_OBJC_ROOT_CLASS = YES_ERROR;
				CLANG_WARN_RANGE_LOOP_ANALYSIS = YES;
				CLANG_WARN_STRICT_PROTOTYPES = YES;
				CLANG_WARN_SUSPICIOUS_MOVE = YES;
				CLANG_WARN_UNGUARDED_AVAILABILITY = YES_AGGRESSIVE;
				CLANG_WARN_UNREACHABLE_CODE = YES;
				CLANG_WARN__DUPLICATE_METHOD_MATCH = YES;
				CODE_SIGN_IDENTITY = "iPhone Developer";
				COPY_PHASE_STRIP = NO;
				DEBUG_INFORMATION_FORMAT = "dwarf-with-dsym";
				ENABLE_NS_ASSERTIONS = NO;
				ENABLE_STRICT_OBJC_MSGSEND = YES;
				GCC_C_LANGUAGE_STANDARD = gnu11;
				GCC_NO_COMMON_BLOCKS = YES;
				GCC_WARN_64_TO_32_BIT_CONVERSION = YES;
				GCC_WARN_ABOUT_RETURN_TYPE = YES_ERROR;
				GCC_WARN_UNDECLARED_SELECTOR = YES;
				GCC_WARN_UNINITIALIZED_AUTOS = YES_AGGRESSIVE;
				GCC_WARN_UNUSED_FUNCTION = YES;
				GCC_WARN_UNUSED_VARIABLE = YES;
				IPHONEOS_DEPLOYMENT_TARGET = 11.0;
				MTL_ENABLE_DEBUG_INFO = NO;
				SDKROOT = iphoneos;
				VALIDATE_PRODUCT = YES;
			};
			name = Release;
		};
		937ADC2D1F22026200B22295 /* Debug */ = {
			isa = XCBuildConfiguration;
			baseConfigurationReference = 9A4B1EF742B2DB84E36F2E2A /* Pods-WYPoster.debug.xcconfig */;
			buildSettings = {
				ASSETCATALOG_COMPILER_APPICON_NAME = AppIcon;
				CODE_SIGN_STYLE = Manual;
				DEVELOPMENT_TEAM = 9R36C42WH7;
				INFOPLIST_FILE = "$(SRCROOT)/WYPosterDemo/Info.plist";
				LD_RUNPATH_SEARCH_PATHS = "$(inherited) @executable_path/Frameworks";
				PRODUCT_BUNDLE_IDENTIFIER = makeupopular.com.GxShareManagerDemo;
				PRODUCT_NAME = "$(TARGET_NAME)";
				PROVISIONING_PROFILE = "a9d44cd7-3007-427f-8dc2-a343bee1ad5d";
				PROVISIONING_PROFILE_SPECIFIER = "match Development makeupopular.com.GxShareManagerDemo";
				TARGETED_DEVICE_FAMILY = "1,2";
			};
			name = Debug;
		};
		937ADC2E1F22026200B22295 /* Release */ = {
			isa = XCBuildConfiguration;
			baseConfigurationReference = 0BEA395CAF6F58DB3518A2CE /* Pods-WYPoster.release.xcconfig */;
			buildSettings = {
				ASSETCATALOG_COMPILER_APPICON_NAME = AppIcon;
				CODE_SIGN_STYLE = Manual;
				DEVELOPMENT_TEAM = 9R36C42WH7;
				INFOPLIST_FILE = "$(SRCROOT)/WYPosterDemo/Info.plist";
				LD_RUNPATH_SEARCH_PATHS = "$(inherited) @executable_path/Frameworks";
				PRODUCT_BUNDLE_IDENTIFIER = makeupopular.com.GxShareManagerDemo;
				PRODUCT_NAME = "$(TARGET_NAME)";
				PROVISIONING_PROFILE = "a9d44cd7-3007-427f-8dc2-a343bee1ad5d";
				PROVISIONING_PROFILE_SPECIFIER = "match Development makeupopular.com.GxShareManagerDemo";
				TARGETED_DEVICE_FAMILY = "1,2";
			};
			name = Release;
		};
/* End XCBuildConfiguration section */

/* Begin XCConfigurationList section */
		937ADC111F22026200B22295 /* Build configuration list for PBXProject "WYPoster" */ = {
			isa = XCConfigurationList;
			buildConfigurations = (
				937ADC2A1F22026200B22295 /* Debug */,
				937ADC2B1F22026200B22295 /* Release */,
			);
			defaultConfigurationIsVisible = 0;
			defaultConfigurationName = Release;
		};
		937ADC2C1F22026200B22295 /* Build configuration list for PBXNativeTarget "WYPoster" */ = {
			isa = XCConfigurationList;
			buildConfigurations = (
				937ADC2D1F22026200B22295 /* Debug */,
				937ADC2E1F22026200B22295 /* Release */,
			);
			defaultConfigurationIsVisible = 0;
			defaultConfigurationName = Release;
		};
/* End XCConfigurationList section */
	};
	rootObject = 937ADC0E1F22026200B22295 /* Project object */;
}
